
Microsoft Visual Studio Solution File, Format Version 12.00
# Visual Studio Version 16
VisualStudioVersion = 16.0.29905.134
MinimumVisualStudioVersion = 10.0.40219.1
Project("{2150E333-8FDC-42A3-9474-1A3956D46DE8}") = "src", "src", "{80D04424-0964-4457-881F-DB0639AC3F40}"
EndProject
Project("{2150E333-8FDC-42A3-9474-1A3956D46DE8}") = "1- Data", "1- Data", "{65452317-A6AF-4150-B352-8E084CCF0D8D}"
EndProject
Project("{2150E333-8FDC-42A3-9474-1A3956D46DE8}") = "2- Services", "2- Services", "{DF25D97F-AA2F-4323-8B64-BEB23E5F5A27}"
EndProject
Project("{2150E333-8FDC-42A3-9474-1A3956D46DE8}") = "3.2- View", "3.2- View", "{88E3B18D-7A53-4515-9964-CD011B05ABE0}"
EndProject
Project("{2150E333-8FDC-42A3-9474-1A3956D46DE8}") = "3.1-Api", "3.1-Api", "{2E5A2FBB-40EB-47F1-9767-FCB56969CB61}"
EndProject
Project("{9A19103F-16F7-4668-BE54-9A1E7A4F7556}") = "CrudBase.API", "CrudBase.API\CrudBase.API.csproj", "{3D75D561-023C-47CB-BE48-EB02CEEECA27}"
EndProject
Project("{9A19103F-16F7-4668-BE54-9A1E7A4F7556}") = "CrudBase.Data", "CrudBase.Data\CrudBase.Data.csproj", "{837870E8-5D76-4EB4-AAF5-45CDC677714F}"
EndProject
Project("{9A19103F-16F7-4668-BE54-9A1E7A4F7556}") = "CrudBase.Service", "CrudBase.Service\CrudBase.Service.csproj", "{96477268-3BD3-4D57-837B-209F69DD0C6B}"
EndProject
Project("{FAE04EC0-301F-11D3-BF4B-00C04F79EFBC}") = "CrudBase.View", "CrudBase.View\CrudBase.View.csproj", "{D17DE9F5-E573-474E-A551-734ED21F8603}"
EndProject
Global
	GlobalSection(SolutionConfigurationPlatforms) = preSolution
		Debug|Any CPU = Debug|Any CPU
		Release|Any CPU = Release|Any CPU
	EndGlobalSection
	GlobalSection(ProjectConfigurationPlatforms) = postSolution
		{3D75D561-023C-47CB-BE48-EB02CEEECA27}.Debug|Any CPU.ActiveCfg = Debug|Any CPU
		{3D75D561-023C-47CB-BE48-EB02CEEECA27}.Debug|Any CPU.Build.0 = Debug|Any CPU
		{3D75D561-023C-47CB-BE48-EB02CEEECA27}.Release|Any CPU.ActiveCfg = Release|Any CPU
		{3D75D561-023C-47CB-BE48-EB02CEEECA27}.Release|Any CPU.Build.0 = Release|Any CPU
		{837870E8-5D76-4EB4-AAF5-45CDC677714F}.Debug|Any CPU.ActiveCfg = Debug|Any CPU
		{837870E8-5D76-4EB4-AAF5-45CDC677714F}.Debug|Any CPU.Build.0 = Debug|Any CPU
		{837870E8-5D76-4EB4-AAF5-45CDC677714F}.Release|Any CPU.ActiveCfg = Release|Any CPU
		{837870E8-5D76-4EB4-AAF5-45CDC677714F}.Release|Any CPU.Build.0 = Release|Any CPU
		{96477268-3BD3-4D57-837B-209F69DD0C6B}.Debug|Any CPU.ActiveCfg = Debug|Any CPU
		{96477268-3BD3-4D57-837B-209F69DD0C6B}.Debug|Any CPU.Build.0 = Debug|Any CPU
		{96477268-3BD3-4D57-837B-209F69DD0C6B}.Release|Any CPU.ActiveCfg = Release|Any CPU
		{96477268-3BD3-4D57-837B-209F69DD0C6B}.Release|Any CPU.Build.0 = Release|Any CPU
		{D17DE9F5-E573-474E-A551-734ED21F8603}.Debug|Any CPU.ActiveCfg = Debug|Any CPU
		{D17DE9F5-E573-474E-A551-734ED21F8603}.Debug|Any CPU.Build.0 = Debug|Any CPU
		{D17DE9F5-E573-474E-A551-734ED21F8603}.Release|Any CPU.ActiveCfg = Release|Any CPU
		{D17DE9F5-E573-474E-A551-734ED21F8603}.Release|Any CPU.Build.0 = Release|Any CPU
	EndGlobalSection
	GlobalSection(SolutionProperties) = preSolution
		HideSolutionNode = FALSE
	EndGlobalSection
	GlobalSection(NestedProjects) = preSolution
		{65452317-A6AF-4150-B352-8E084CCF0D8D} = {80D04424-0964-4457-881F-DB0639AC3F40}
		{DF25D97F-AA2F-4323-8B64-BEB23E5F5A27} = {80D04424-0964-4457-881F-DB0639AC3F40}
		{88E3B18D-7A53-4515-9964-CD011B05ABE0} = {80D04424-0964-4457-881F-DB0639AC3F40}
		{2E5A2FBB-40EB-47F1-9767-FCB56969CB61} = {80D04424-0964-4457-881F-DB0639AC3F40}
		{3D75D561-023C-47CB-BE48-EB02CEEECA27} = {2E5A2FBB-40EB-47F1-9767-FCB56969CB61}
		{837870E8-5D76-4EB4-AAF5-45CDC677714F} = {65452317-A6AF-4150-B352-8E084CCF0D8D}
		{96477268-3BD3-4D57-837B-209F69DD0C6B} = {DF25D97F-AA2F-4323-8B64-BEB23E5F5A27}
		{D17DE9F5-E573-474E-A551-734ED21F8603} = {88E3B18D-7A53-4515-9964-CD011B05ABE0}
	EndGlobalSection
	GlobalSection(ExtensibilityGlobals) = postSolution
		SolutionGuid = {BB2A31CD-ED10-49E4-A0D0-1B4A45784106}
	EndGlobalSection
EndGlobal
